// !$*UTF8*$!
{
	archiveVersion = 1;
	classes = {
	};
	objectVersion = 46;
	objects = {

/* Begin PBXBuildFile section */
		9CFBC12B1BF2BF7B00982C98 /* MapKit.framework in Frameworks */ = {isa = PBXBuildFile; fileRef = 9CFBC12A1BF2BF7B00982C98 /* MapKit.framework */; };
		9F7E53E11BF294F9008391AB /* AppDelegate.swift in Sources */ = {isa = PBXBuildFile; fileRef = 9F7E53E01BF294F9008391AB /* AppDelegate.swift */; };
		9F7E53E31BF294F9008391AB /* ViewController.swift in Sources */ = {isa = PBXBuildFile; fileRef = 9F7E53E21BF294F9008391AB /* ViewController.swift */; };
		9F7E53E81BF294F9008391AB /* Assets.xcassets in Resources */ = {isa = PBXBuildFile; fileRef = 9F7E53E71BF294F9008391AB /* Assets.xcassets */; };
		9F7E53EB1BF294F9008391AB /* LaunchScreen.storyboard in Resources */ = {isa = PBXBuildFile; fileRef = 9F7E53E91BF294F9008391AB /* LaunchScreen.storyboard */; };
		9F7E53F51BF29525008391AB /* Dealer.storyboard in Resources */ = {isa = PBXBuildFile; fileRef = 9F7E53F21BF29525008391AB /* Dealer.storyboard */; };
		9F7E53F61BF29525008391AB /* FinancialPlans.storyboard in Resources */ = {isa = PBXBuildFile; fileRef = 9F7E53F31BF29525008391AB /* FinancialPlans.storyboard */; };
		9F7E53F71BF29525008391AB /* Map.storyboard in Resources */ = {isa = PBXBuildFile; fileRef = 9F7E53F41BF29525008391AB /* Map.storyboard */; };
		9F7E53F91BF2953A008391AB /* Main.storyboard in Resources */ = {isa = PBXBuildFile; fileRef = 9F7E53F81BF2953A008391AB /* Main.storyboard */; };
		9F7E544C1BF295A6008391AB /* NSManagedObject+NDAppManagedObject.m in Sources */ = {isa = PBXBuildFile; fileRef = 9F7E53FF1BF295A6008391AB /* NSManagedObject+NDAppManagedObject.m */; };
		9F7E544D1BF295A6008391AB /* NSManagedObjectContext+NDAppContext.m in Sources */ = {isa = PBXBuildFile; fileRef = 9F7E54011BF295A6008391AB /* NSManagedObjectContext+NDAppContext.m */; };
		9F7E544E1BF295A6008391AB /* NSDate+Utilities.m in Sources */ = {isa = PBXBuildFile; fileRef = 9F7E54041BF295A6008391AB /* NSDate+Utilities.m */; };
		9F7E544F1BF295A6008391AB /* NSObject+HelperUtility.m in Sources */ = {isa = PBXBuildFile; fileRef = 9F7E54081BF295A6008391AB /* NSObject+HelperUtility.m */; };
		9F7E54501BF295A6008391AB /* NSDictionary+MMDictionary.m in Sources */ = {isa = PBXBuildFile; fileRef = 9F7E540B1BF295A6008391AB /* NSDictionary+MMDictionary.m */; };
		9F7E54511BF295A6008391AB /* NSString+MMString.m in Sources */ = {isa = PBXBuildFile; fileRef = 9F7E540D1BF295A6008391AB /* NSString+MMString.m */; };
		9F7E54521BF295A6008391AB /* UIColor+HexColor.m in Sources */ = {isa = PBXBuildFile; fileRef = 9F7E54101BF295A6008391AB /* UIColor+HexColor.m */; };
		9F7E54531BF295A6008391AB /* RASImageCache.m in Sources */ = {isa = PBXBuildFile; fileRef = 9F7E54131BF295A6008391AB /* RASImageCache.m */; };
		9F7E54541BF295A6008391AB /* UIImage+AverageColor.m in Sources */ = {isa = PBXBuildFile; fileRef = 9F7E54151BF295A6008391AB /* UIImage+AverageColor.m */; };
		9F7E54551BF295A6008391AB /* UIImage+ImageEffects.m in Sources */ = {isa = PBXBuildFile; fileRef = 9F7E54171BF295A6008391AB /* UIImage+ImageEffects.m */; };
		9F7E54561BF295A6008391AB /* UIImageView+LBBlurredImage.m in Sources */ = {isa = PBXBuildFile; fileRef = 9F7E54191BF295A6008391AB /* UIImageView+LBBlurredImage.m */; };
		9F7E54571BF295A6008391AB /* UIImageView+Loading.m in Sources */ = {isa = PBXBuildFile; fileRef = 9F7E541B1BF295A6008391AB /* UIImageView+Loading.m */; };
		9F7E54581BF295A6008391AB /* UIImagePickerController+Utilities.m in Sources */ = {isa = PBXBuildFile; fileRef = 9F7E541E1BF295A6008391AB /* UIImagePickerController+Utilities.m */; };
		9F7E54591BF295A6008391AB /* UITableViewCell+MMTableViewHelper.m in Sources */ = {isa = PBXBuildFile; fileRef = 9F7E54211BF295A6008391AB /* UITableViewCell+MMTableViewHelper.m */; };
		9F7E545A1BF295A6008391AB /* UIView+HelperUtility.m in Sources */ = {isa = PBXBuildFile; fileRef = 9F7E54241BF295A6008391AB /* UIView+HelperUtility.m */; };
		9F7E545B1BF295A6008391AB /* UIViewController+HelperUtilities.m in Sources */ = {isa = PBXBuildFile; fileRef = 9F7E54271BF295A6008391AB /* UIViewController+HelperUtilities.m */; };
		9F7E545C1BF295A6008391AB /* NDDatePickerViewController.m in Sources */ = {isa = PBXBuildFile; fileRef = 9F7E542F1BF295A6008391AB /* NDDatePickerViewController.m */; };
		9F7E545D1BF295A6008391AB /* NDDropDownViewController.m in Sources */ = {isa = PBXBuildFile; fileRef = 9F7E54321BF295A6008391AB /* NDDropDownViewController.m */; };
		9F7E545E1BF295A6008391AB /* NDButton.m in Sources */ = {isa = PBXBuildFile; fileRef = 9F7E54341BF295A6008391AB /* NDButton.m */; };
		9F7E54601BF295A6008391AB /* NDView.m in Sources */ = {isa = PBXBuildFile; fileRef = 9F7E54381BF295A6008391AB /* NDView.m */; };
		9F7E54611BF295A6008391AB /* MMKeychainWrapper.m in Sources */ = {isa = PBXBuildFile; fileRef = 9F7E543D1BF295A6008391AB /* MMKeychainWrapper.m */; };
		9F7E54621BF295A6008391AB /* RASImageView.m in Sources */ = {isa = PBXBuildFile; fileRef = 9F7E54401BF295A6008391AB /* RASImageView.m */; };
		9F7E54631BF295A6008391AB /* MMIndicatorView.m in Sources */ = {isa = PBXBuildFile; fileRef = 9F7E54431BF295A6008391AB /* MMIndicatorView.m */; };
		9F7E54641BF295A6008391AB /* TheAnimator.m in Sources */ = {isa = PBXBuildFile; fileRef = 9F7E54471BF295A6008391AB /* TheAnimator.m */; };
		9F7E54651BF295A6008391AB /* LogInViewController.swift in Sources */ = {isa = PBXBuildFile; fileRef = 9F7E544A1BF295A6008391AB /* LogInViewController.swift */; };
		9F7E54661BF295A6008391AB /* NDDatePicker.xib in Resources */ = {isa = PBXBuildFile; fileRef = 9F7E544B1BF295A6008391AB /* NDDatePicker.xib */; };
		9F7E546D1BF29E84008391AB /* DealerCollectionViewController.swift in Sources */ = {isa = PBXBuildFile; fileRef = 9F7E546C1BF29E84008391AB /* DealerCollectionViewController.swift */; };
		9F7E546F1BF29EBE008391AB /* FinancialPlansViewController.swift in Sources */ = {isa = PBXBuildFile; fileRef = 9F7E546E1BF29EBE008391AB /* FinancialPlansViewController.swift */; };
		9F7E54711BF29EEF008391AB /* MapDealerViewController.swift in Sources */ = {isa = PBXBuildFile; fileRef = 9F7E54701BF29EEF008391AB /* MapDealerViewController.swift */; };
		9F7E54781BF2A536008391AB /* Interface.storyboard in Resources */ = {isa = PBXBuildFile; fileRef = 9F7E54761BF2A536008391AB /* Interface.storyboard */; };
		9F7E547A1BF2A536008391AB /* Assets.xcassets in Resources */ = {isa = PBXBuildFile; fileRef = 9F7E54791BF2A536008391AB /* Assets.xcassets */; };
		9F7E54811BF2A537008391AB /* DDayWatch Extension.appex in Embed App Extensions */ = {isa = PBXBuildFile; fileRef = 9F7E54801BF2A537008391AB /* DDayWatch Extension.appex */; settings = {ATTRIBUTES = (RemoveHeadersOnCopy, ); }; };
		9F7E54881BF2A537008391AB /* InterfaceController.swift in Sources */ = {isa = PBXBuildFile; fileRef = 9F7E54871BF2A537008391AB /* InterfaceController.swift */; };
		9F7E548A1BF2A537008391AB /* ExtensionDelegate.swift in Sources */ = {isa = PBXBuildFile; fileRef = 9F7E54891BF2A537008391AB /* ExtensionDelegate.swift */; };
		9F7E548C1BF2A537008391AB /* NotificationController.swift in Sources */ = {isa = PBXBuildFile; fileRef = 9F7E548B1BF2A537008391AB /* NotificationController.swift */; };
		9F7E548E1BF2A537008391AB /* Assets.xcassets in Resources */ = {isa = PBXBuildFile; fileRef = 9F7E548D1BF2A537008391AB /* Assets.xcassets */; };
		9F7E54921BF2A537008391AB /* DDayWatch.app in Embed Watch Content */ = {isa = PBXBuildFile; fileRef = 9F7E54741BF2A536008391AB /* DDayWatch.app */; };
		9F7E549C1BF2B6E3008391AB /* RootTabBarController.swift in Sources */ = {isa = PBXBuildFile; fileRef = 9F7E549B1BF2B6E3008391AB /* RootTabBarController.swift */; };
		AE989B2D43E63895D0B410DC /* Pods.framework in Frameworks */ = {isa = PBXBuildFile; fileRef = 348869A9747B87ECEEAD643D /* Pods.framework */; settings = {ATTRIBUTES = (Weak, ); }; };
/* End PBXBuildFile section */

/* Begin PBXContainerItemProxy section */
		9F7E54821BF2A537008391AB /* PBXContainerItemProxy */ = {
			isa = PBXContainerItemProxy;
			containerPortal = 9F7E53D51BF294F9008391AB /* Project object */;
			proxyType = 1;
			remoteGlobalIDString = 9F7E547F1BF2A537008391AB;
			remoteInfo = "DDayWatch Extension";
		};
		9F7E54901BF2A537008391AB /* PBXContainerItemProxy */ = {
			isa = PBXContainerItemProxy;
			containerPortal = 9F7E53D51BF294F9008391AB /* Project object */;
			proxyType = 1;
			remoteGlobalIDString = 9F7E54731BF2A536008391AB;
			remoteInfo = DDayWatch;
		};
/* End PBXContainerItemProxy section */

/* Begin PBXCopyFilesBuildPhase section */
		9F7E54981BF2A537008391AB /* Embed App Extensions */ = {
			isa = PBXCopyFilesBuildPhase;
			buildActionMask = 2147483647;
			dstPath = "";
			dstSubfolderSpec = 13;
			files = (
				9F7E54811BF2A537008391AB /* DDayWatch Extension.appex in Embed App Extensions */,
			);
			name = "Embed App Extensions";
			runOnlyForDeploymentPostprocessing = 0;
		};
		9F7E549A1BF2A537008391AB /* Embed Watch Content */ = {
			isa = PBXCopyFilesBuildPhase;
			buildActionMask = 2147483647;
			dstPath = "$(CONTENTS_FOLDER_PATH)/Watch";
			dstSubfolderSpec = 16;
			files = (
				9F7E54921BF2A537008391AB /* DDayWatch.app in Embed Watch Content */,
			);
			name = "Embed Watch Content";
			runOnlyForDeploymentPostprocessing = 0;
		};
/* End PBXCopyFilesBuildPhase section */

/* Begin PBXFileReference section */
		348869A9747B87ECEEAD643D /* Pods.framework */ = {isa = PBXFileReference; explicitFileType = wrapper.framework; includeInIndex = 0; path = Pods.framework; sourceTree = BUILT_PRODUCTS_DIR; };
		56FB01D753156968A261B695 /* Pods.debug.xcconfig */ = {isa = PBXFileReference; includeInIndex = 1; lastKnownFileType = text.xcconfig; name = Pods.debug.xcconfig; path = "Pods/Target Support Files/Pods/Pods.debug.xcconfig"; sourceTree = "<group>"; };
		6D9600C345C59CB9EC8202EA /* Pods.release.xcconfig */ = {isa = PBXFileReference; includeInIndex = 1; lastKnownFileType = text.xcconfig; name = Pods.release.xcconfig; path = "Pods/Target Support Files/Pods/Pods.release.xcconfig"; sourceTree = "<group>"; };
		9CFBC12A1BF2BF7B00982C98 /* MapKit.framework */ = {isa = PBXFileReference; lastKnownFileType = wrapper.framework; name = MapKit.framework; path = System/Library/Frameworks/MapKit.framework; sourceTree = SDKROOT; };
		9F7E53DD1BF294F9008391AB /* DDay.app */ = {isa = PBXFileReference; explicitFileType = wrapper.application; includeInIndex = 0; path = DDay.app; sourceTree = BUILT_PRODUCTS_DIR; };
		9F7E53E01BF294F9008391AB /* AppDelegate.swift */ = {isa = PBXFileReference; lastKnownFileType = sourcecode.swift; path = AppDelegate.swift; sourceTree = "<group>"; };
		9F7E53E21BF294F9008391AB /* ViewController.swift */ = {isa = PBXFileReference; lastKnownFileType = sourcecode.swift; path = ViewController.swift; sourceTree = "<group>"; };
		9F7E53E71BF294F9008391AB /* Assets.xcassets */ = {isa = PBXFileReference; lastKnownFileType = folder.assetcatalog; path = Assets.xcassets; sourceTree = "<group>"; };
		9F7E53EA1BF294F9008391AB /* Base */ = {isa = PBXFileReference; lastKnownFileType = file.storyboard; name = Base; path = Base.lproj/LaunchScreen.storyboard; sourceTree = "<group>"; };
		9F7E53EC1BF294F9008391AB /* Info.plist */ = {isa = PBXFileReference; lastKnownFileType = text.plist.xml; path = Info.plist; sourceTree = "<group>"; };
		9F7E53F21BF29525008391AB /* Dealer.storyboard */ = {isa = PBXFileReference; fileEncoding = 4; lastKnownFileType = file.storyboard; path = Dealer.storyboard; sourceTree = "<group>"; };
		9F7E53F31BF29525008391AB /* FinancialPlans.storyboard */ = {isa = PBXFileReference; fileEncoding = 4; lastKnownFileType = file.storyboard; path = FinancialPlans.storyboard; sourceTree = "<group>"; };
		9F7E53F41BF29525008391AB /* Map.storyboard */ = {isa = PBXFileReference; fileEncoding = 4; lastKnownFileType = file.storyboard; path = Map.storyboard; sourceTree = "<group>"; };
		9F7E53F81BF2953A008391AB /* Main.storyboard */ = {isa = PBXFileReference; fileEncoding = 4; lastKnownFileType = file.storyboard; path = Main.storyboard; sourceTree = "<group>"; };
		9F7E53FE1BF295A6008391AB /* NSManagedObject+NDAppManagedObject.h */ = {isa = PBXFileReference; fileEncoding = 4; lastKnownFileType = sourcecode.c.h; path = "NSManagedObject+NDAppManagedObject.h"; sourceTree = "<group>"; };
		9F7E53FF1BF295A6008391AB /* NSManagedObject+NDAppManagedObject.m */ = {isa = PBXFileReference; fileEncoding = 4; lastKnownFileType = sourcecode.c.objc; path = "NSManagedObject+NDAppManagedObject.m"; sourceTree = "<group>"; };
		9F7E54001BF295A6008391AB /* NSManagedObjectContext+NDAppContext.h */ = {isa = PBXFileReference; fileEncoding = 4; lastKnownFileType = sourcecode.c.h; path = "NSManagedObjectContext+NDAppContext.h"; sourceTree = "<group>"; };
		9F7E54011BF295A6008391AB /* NSManagedObjectContext+NDAppContext.m */ = {isa = PBXFileReference; fileEncoding = 4; lastKnownFileType = sourcecode.c.objc; path = "NSManagedObjectContext+NDAppContext.m"; sourceTree = "<group>"; };
		9F7E54031BF295A6008391AB /* NSDate+Utilities.h */ = {isa = PBXFileReference; fileEncoding = 4; lastKnownFileType = sourcecode.c.h; path = "NSDate+Utilities.h"; sourceTree = "<group>"; };
		9F7E54041BF295A6008391AB /* NSDate+Utilities.m */ = {isa = PBXFileReference; fileEncoding = 4; lastKnownFileType = sourcecode.c.objc; path = "NSDate+Utilities.m"; sourceTree = "<group>"; };
		9F7E54071BF295A6008391AB /* NSObject+HelperUtility.h */ = {isa = PBXFileReference; fileEncoding = 4; lastKnownFileType = sourcecode.c.h; path = "NSObject+HelperUtility.h"; sourceTree = "<group>"; };
		9F7E54081BF295A6008391AB /* NSObject+HelperUtility.m */ = {isa = PBXFileReference; fileEncoding = 4; lastKnownFileType = sourcecode.c.objc; path = "NSObject+HelperUtility.m"; sourceTree = "<group>"; };
		9F7E540A1BF295A6008391AB /* NSDictionary+MMDictionary.h */ = {isa = PBXFileReference; fileEncoding = 4; lastKnownFileType = sourcecode.c.h; path = "NSDictionary+MMDictionary.h"; sourceTree = "<group>"; };
		9F7E540B1BF295A6008391AB /* NSDictionary+MMDictionary.m */ = {isa = PBXFileReference; fileEncoding = 4; lastKnownFileType = sourcecode.c.objc; path = "NSDictionary+MMDictionary.m"; sourceTree = "<group>"; };
		9F7E540C1BF295A6008391AB /* NSString+MMString.h */ = {isa = PBXFileReference; fileEncoding = 4; lastKnownFileType = sourcecode.c.h; path = "NSString+MMString.h"; sourceTree = "<group>"; };
		9F7E540D1BF295A6008391AB /* NSString+MMString.m */ = {isa = PBXFileReference; fileEncoding = 4; lastKnownFileType = sourcecode.c.objc; path = "NSString+MMString.m"; sourceTree = "<group>"; };
		9F7E540F1BF295A6008391AB /* UIColor+HexColor.h */ = {isa = PBXFileReference; fileEncoding = 4; lastKnownFileType = sourcecode.c.h; path = "UIColor+HexColor.h"; sourceTree = "<group>"; };
		9F7E54101BF295A6008391AB /* UIColor+HexColor.m */ = {isa = PBXFileReference; fileEncoding = 4; lastKnownFileType = sourcecode.c.objc; path = "UIColor+HexColor.m"; sourceTree = "<group>"; };
		9F7E54121BF295A6008391AB /* RASImageCache.h */ = {isa = PBXFileReference; fileEncoding = 4; lastKnownFileType = sourcecode.c.h; path = RASImageCache.h; sourceTree = "<group>"; };
		9F7E54131BF295A6008391AB /* RASImageCache.m */ = {isa = PBXFileReference; fileEncoding = 4; lastKnownFileType = sourcecode.c.objc; path = RASImageCache.m; sourceTree = "<group>"; };
		9F7E54141BF295A6008391AB /* UIImage+AverageColor.h */ = {isa = PBXFileReference; fileEncoding = 4; lastKnownFileType = sourcecode.c.h; path = "UIImage+AverageColor.h"; sourceTree = "<group>"; };
		9F7E54151BF295A6008391AB /* UIImage+AverageColor.m */ = {isa = PBXFileReference; fileEncoding = 4; lastKnownFileType = sourcecode.c.objc; path = "UIImage+AverageColor.m"; sourceTree = "<group>"; };
		9F7E54161BF295A6008391AB /* UIImage+ImageEffects.h */ = {isa = PBXFileReference; fileEncoding = 4; lastKnownFileType = sourcecode.c.h; path = "UIImage+ImageEffects.h"; sourceTree = "<group>"; };
		9F7E54171BF295A6008391AB /* UIImage+ImageEffects.m */ = {isa = PBXFileReference; fileEncoding = 4; lastKnownFileType = sourcecode.c.objc; path = "UIImage+ImageEffects.m"; sourceTree = "<group>"; };
		9F7E54181BF295A6008391AB /* UIImageView+LBBlurredImage.h */ = {isa = PBXFileReference; fileEncoding = 4; lastKnownFileType = sourcecode.c.h; path = "UIImageView+LBBlurredImage.h"; sourceTree = "<group>"; };
		9F7E54191BF295A6008391AB /* UIImageView+LBBlurredImage.m */ = {isa = PBXFileReference; fileEncoding = 4; lastKnownFileType = sourcecode.c.objc; path = "UIImageView+LBBlurredImage.m"; sourceTree = "<group>"; };
		9F7E541A1BF295A6008391AB /* UIImageView+Loading.h */ = {isa = PBXFileReference; fileEncoding = 4; lastKnownFileType = sourcecode.c.h; path = "UIImageView+Loading.h"; sourceTree = "<group>"; };
		9F7E541B1BF295A6008391AB /* UIImageView+Loading.m */ = {isa = PBXFileReference; fileEncoding = 4; lastKnownFileType = sourcecode.c.objc; path = "UIImageView+Loading.m"; sourceTree = "<group>"; };
		9F7E541D1BF295A6008391AB /* UIImagePickerController+Utilities.h */ = {isa = PBXFileReference; fileEncoding = 4; lastKnownFileType = sourcecode.c.h; path = "UIImagePickerController+Utilities.h"; sourceTree = "<group>"; };
		9F7E541E1BF295A6008391AB /* UIImagePickerController+Utilities.m */ = {isa = PBXFileReference; fileEncoding = 4; lastKnownFileType = sourcecode.c.objc; path = "UIImagePickerController+Utilities.m"; sourceTree = "<group>"; };
		9F7E54201BF295A6008391AB /* UITableViewCell+MMTableViewHelper.h */ = {isa = PBXFileReference; fileEncoding = 4; lastKnownFileType = sourcecode.c.h; path = "UITableViewCell+MMTableViewHelper.h"; sourceTree = "<group>"; };
		9F7E54211BF295A6008391AB /* UITableViewCell+MMTableViewHelper.m */ = {isa = PBXFileReference; fileEncoding = 4; lastKnownFileType = sourcecode.c.objc; path = "UITableViewCell+MMTableViewHelper.m"; sourceTree = "<group>"; };
		9F7E54231BF295A6008391AB /* UIView+HelperUtility.h */ = {isa = PBXFileReference; fileEncoding = 4; lastKnownFileType = sourcecode.c.h; path = "UIView+HelperUtility.h"; sourceTree = "<group>"; };
		9F7E54241BF295A6008391AB /* UIView+HelperUtility.m */ = {isa = PBXFileReference; fileEncoding = 4; lastKnownFileType = sourcecode.c.objc; path = "UIView+HelperUtility.m"; sourceTree = "<group>"; };
		9F7E54261BF295A6008391AB /* UIViewController+HelperUtilities.h */ = {isa = PBXFileReference; fileEncoding = 4; lastKnownFileType = sourcecode.c.h; path = "UIViewController+HelperUtilities.h"; sourceTree = "<group>"; };
		9F7E54271BF295A6008391AB /* UIViewController+HelperUtilities.m */ = {isa = PBXFileReference; fileEncoding = 4; lastKnownFileType = sourcecode.c.objc; path = "UIViewController+HelperUtilities.m"; sourceTree = "<group>"; };
		9F7E542E1BF295A6008391AB /* NDDatePickerViewController.h */ = {isa = PBXFileReference; fileEncoding = 4; lastKnownFileType = sourcecode.c.h; path = NDDatePickerViewController.h; sourceTree = "<group>"; };
		9F7E542F1BF295A6008391AB /* NDDatePickerViewController.m */ = {isa = PBXFileReference; fileEncoding = 4; lastKnownFileType = sourcecode.c.objc; path = NDDatePickerViewController.m; sourceTree = "<group>"; };
		9F7E54311BF295A6008391AB /* NDDropDownViewController.h */ = {isa = PBXFileReference; fileEncoding = 4; lastKnownFileType = sourcecode.c.h; path = NDDropDownViewController.h; sourceTree = "<group>"; };
		9F7E54321BF295A6008391AB /* NDDropDownViewController.m */ = {isa = PBXFileReference; fileEncoding = 4; lastKnownFileType = sourcecode.c.objc; path = NDDropDownViewController.m; sourceTree = "<group>"; };
		9F7E54331BF295A6008391AB /* NDButton.h */ = {isa = PBXFileReference; fileEncoding = 4; lastKnownFileType = sourcecode.c.h; path = NDButton.h; sourceTree = "<group>"; };
		9F7E54341BF295A6008391AB /* NDButton.m */ = {isa = PBXFileReference; fileEncoding = 4; lastKnownFileType = sourcecode.c.objc; path = NDButton.m; sourceTree = "<group>"; };
		9F7E54371BF295A6008391AB /* NDView.h */ = {isa = PBXFileReference; fileEncoding = 4; lastKnownFileType = sourcecode.c.h; path = NDView.h; sourceTree = "<group>"; };
		9F7E54381BF295A6008391AB /* NDView.m */ = {isa = PBXFileReference; fileEncoding = 4; lastKnownFileType = sourcecode.c.objc; path = NDView.m; sourceTree = "<group>"; };
		9F7E543C1BF295A6008391AB /* MMKeychainWrapper.h */ = {isa = PBXFileReference; fileEncoding = 4; lastKnownFileType = sourcecode.c.h; path = MMKeychainWrapper.h; sourceTree = "<group>"; };
		9F7E543D1BF295A6008391AB /* MMKeychainWrapper.m */ = {isa = PBXFileReference; fileEncoding = 4; lastKnownFileType = sourcecode.c.objc; path = MMKeychainWrapper.m; sourceTree = "<group>"; };
		9F7E543F1BF295A6008391AB /* RASImageView.h */ = {isa = PBXFileReference; fileEncoding = 4; lastKnownFileType = sourcecode.c.h; path = RASImageView.h; sourceTree = "<group>"; };
		9F7E54401BF295A6008391AB /* RASImageView.m */ = {isa = PBXFileReference; fileEncoding = 4; lastKnownFileType = sourcecode.c.objc; path = RASImageView.m; sourceTree = "<group>"; };
		9F7E54421BF295A6008391AB /* MMIndicatorView.h */ = {isa = PBXFileReference; fileEncoding = 4; lastKnownFileType = sourcecode.c.h; path = MMIndicatorView.h; sourceTree = "<group>"; };
		9F7E54431BF295A6008391AB /* MMIndicatorView.m */ = {isa = PBXFileReference; fileEncoding = 4; lastKnownFileType = sourcecode.c.objc; path = MMIndicatorView.m; sourceTree = "<group>"; };
		9F7E54451BF295A6008391AB /* Styles.h */ = {isa = PBXFileReference; fileEncoding = 4; lastKnownFileType = sourcecode.c.h; path = Styles.h; sourceTree = "<group>"; };
		9F7E54461BF295A6008391AB /* TheAnimator.h */ = {isa = PBXFileReference; fileEncoding = 4; lastKnownFileType = sourcecode.c.h; path = TheAnimator.h; sourceTree = "<group>"; };
		9F7E54471BF295A6008391AB /* TheAnimator.m */ = {isa = PBXFileReference; fileEncoding = 4; lastKnownFileType = sourcecode.c.objc; path = TheAnimator.m; sourceTree = "<group>"; };
		9F7E544A1BF295A6008391AB /* LogInViewController.swift */ = {isa = PBXFileReference; fileEncoding = 4; lastKnownFileType = sourcecode.swift; path = LogInViewController.swift; sourceTree = "<group>"; };
		9F7E544B1BF295A6008391AB /* NDDatePicker.xib */ = {isa = PBXFileReference; fileEncoding = 4; lastKnownFileType = file.xib; path = NDDatePicker.xib; sourceTree = "<group>"; };
		9F7E54671BF295F3008391AB /* DDay-Bridging-Header.h */ = {isa = PBXFileReference; lastKnownFileType = sourcecode.c.h; path = "DDay-Bridging-Header.h"; sourceTree = "<group>"; };
		9F7E54691BF299A6008391AB /* CommonDefines.h */ = {isa = PBXFileReference; fileEncoding = 4; lastKnownFileType = sourcecode.c.h; path = CommonDefines.h; sourceTree = "<group>"; };
		9F7E546B1BF29D3E008391AB /* NDConstant.h */ = {isa = PBXFileReference; fileEncoding = 4; lastKnownFileType = sourcecode.c.h; path = NDConstant.h; sourceTree = "<group>"; };
		9F7E546C1BF29E84008391AB /* DealerCollectionViewController.swift */ = {isa = PBXFileReference; fileEncoding = 4; lastKnownFileType = sourcecode.swift; path = DealerCollectionViewController.swift; sourceTree = "<group>"; };
		9F7E546E1BF29EBE008391AB /* FinancialPlansViewController.swift */ = {isa = PBXFileReference; fileEncoding = 4; lastKnownFileType = sourcecode.swift; path = FinancialPlansViewController.swift; sourceTree = "<group>"; };
		9F7E54701BF29EEF008391AB /* MapDealerViewController.swift */ = {isa = PBXFileReference; fileEncoding = 4; lastKnownFileType = sourcecode.swift; path = MapDealerViewController.swift; sourceTree = "<group>"; };
		9F7E54741BF2A536008391AB /* DDayWatch.app */ = {isa = PBXFileReference; explicitFileType = wrapper.application; includeInIndex = 0; path = DDayWatch.app; sourceTree = BUILT_PRODUCTS_DIR; };
		9F7E54771BF2A536008391AB /* Base */ = {isa = PBXFileReference; lastKnownFileType = file.storyboard; name = Base; path = Base.lproj/Interface.storyboard; sourceTree = "<group>"; };
		9F7E54791BF2A536008391AB /* Assets.xcassets */ = {isa = PBXFileReference; lastKnownFileType = folder.assetcatalog; path = Assets.xcassets; sourceTree = "<group>"; };
		9F7E547B1BF2A536008391AB /* Info.plist */ = {isa = PBXFileReference; lastKnownFileType = text.plist.xml; path = Info.plist; sourceTree = "<group>"; };
		9F7E54801BF2A537008391AB /* DDayWatch Extension.appex */ = {isa = PBXFileReference; explicitFileType = "wrapper.app-extension"; includeInIndex = 0; path = "DDayWatch Extension.appex"; sourceTree = BUILT_PRODUCTS_DIR; };
		9F7E54861BF2A537008391AB /* PushNotificationPayload.apns */ = {isa = PBXFileReference; lastKnownFileType = text; path = PushNotificationPayload.apns; sourceTree = "<group>"; };
		9F7E54871BF2A537008391AB /* InterfaceController.swift */ = {isa = PBXFileReference; lastKnownFileType = sourcecode.swift; path = InterfaceController.swift; sourceTree = "<group>"; };
		9F7E54891BF2A537008391AB /* ExtensionDelegate.swift */ = {isa = PBXFileReference; lastKnownFileType = sourcecode.swift; path = ExtensionDelegate.swift; sourceTree = "<group>"; };
		9F7E548B1BF2A537008391AB /* NotificationController.swift */ = {isa = PBXFileReference; lastKnownFileType = sourcecode.swift; path = NotificationController.swift; sourceTree = "<group>"; };
		9F7E548D1BF2A537008391AB /* Assets.xcassets */ = {isa = PBXFileReference; lastKnownFileType = folder.assetcatalog; path = Assets.xcassets; sourceTree = "<group>"; };
		9F7E548F1BF2A537008391AB /* Info.plist */ = {isa = PBXFileReference; lastKnownFileType = text.plist.xml; path = Info.plist; sourceTree = "<group>"; };
		9F7E549B1BF2B6E3008391AB /* RootTabBarController.swift */ = {isa = PBXFileReference; fileEncoding = 4; lastKnownFileType = sourcecode.swift; path = RootTabBarController.swift; sourceTree = "<group>"; };
/* End PBXFileReference section */

/* Begin PBXFrameworksBuildPhase section */
		9F7E53DA1BF294F9008391AB /* Frameworks */ = {
			isa = PBXFrameworksBuildPhase;
			buildActionMask = 2147483647;
			files = (
				9CFBC12B1BF2BF7B00982C98 /* MapKit.framework in Frameworks */,
				AE989B2D43E63895D0B410DC /* Pods.framework in Frameworks */,
			);
			runOnlyForDeploymentPostprocessing = 0;
		};
		9F7E547D1BF2A537008391AB /* Frameworks */ = {
			isa = PBXFrameworksBuildPhase;
			buildActionMask = 2147483647;
			files = (
			);
			runOnlyForDeploymentPostprocessing = 0;
		};
/* End PBXFrameworksBuildPhase section */

/* Begin PBXGroup section */
		5268438EF2D4B745CF29406D /* Pods */ = {
			isa = PBXGroup;
			children = (
				56FB01D753156968A261B695 /* Pods.debug.xcconfig */,
				6D9600C345C59CB9EC8202EA /* Pods.release.xcconfig */,
			);
			name = Pods;
			sourceTree = "<group>";
		};
		8F3A5C1AF939148AA7553B29 /* Frameworks */ = {
			isa = PBXGroup;
			children = (
				9CFBC12A1BF2BF7B00982C98 /* MapKit.framework */,
				348869A9747B87ECEEAD643D /* Pods.framework */,
			);
			name = Frameworks;
			sourceTree = "<group>";
		};
		9F7E53D41BF294F9008391AB = {
			isa = PBXGroup;
			children = (
				9F7E53DF1BF294F9008391AB /* DDay */,
				9F7E54751BF2A536008391AB /* DDayWatch */,
				9F7E54841BF2A537008391AB /* DDayWatch Extension */,
				9F7E53DE1BF294F9008391AB /* Products */,
				5268438EF2D4B745CF29406D /* Pods */,
				8F3A5C1AF939148AA7553B29 /* Frameworks */,
			);
			sourceTree = "<group>";
		};
		9F7E53DE1BF294F9008391AB /* Products */ = {
			isa = PBXGroup;
			children = (
				9F7E53DD1BF294F9008391AB /* DDay.app */,
				9F7E54741BF2A536008391AB /* DDayWatch.app */,
				9F7E54801BF2A537008391AB /* DDayWatch Extension.appex */,
			);
			name = Products;
			sourceTree = "<group>";
		};
		9F7E53DF1BF294F9008391AB /* DDay */ = {
			isa = PBXGroup;
			children = (
				9F7E53FA1BF295A6008391AB /* HelplerUtilities */,
				9F7E544A1BF295A6008391AB /* LogInViewController.swift */,
				9F7E544B1BF295A6008391AB /* NDDatePicker.xib */,
				9F7E53F81BF2953A008391AB /* Main.storyboard */,
				9F7E53F21BF29525008391AB /* Dealer.storyboard */,
				9F7E53F31BF29525008391AB /* FinancialPlans.storyboard */,
				9F7E53F41BF29525008391AB /* Map.storyboard */,
				9F7E53E01BF294F9008391AB /* AppDelegate.swift */,
				9F7E53E21BF294F9008391AB /* ViewController.swift */,
				9F7E53E71BF294F9008391AB /* Assets.xcassets */,
				9F7E53E91BF294F9008391AB /* LaunchScreen.storyboard */,
				9F7E53EC1BF294F9008391AB /* Info.plist */,
				9F7E54671BF295F3008391AB /* DDay-Bridging-Header.h */,
				9F7E546C1BF29E84008391AB /* DealerCollectionViewController.swift */,
				9F7E546E1BF29EBE008391AB /* FinancialPlansViewController.swift */,
				9F7E54701BF29EEF008391AB /* MapDealerViewController.swift */,
				9F7E549B1BF2B6E3008391AB /* RootTabBarController.swift */,
			);
			path = DDay;
			sourceTree = "<group>";
		};
		9F7E53FA1BF295A6008391AB /* HelplerUtilities */ = {
			isa = PBXGroup;
			children = (
				9F7E546A1BF29D3E008391AB /* Constant */,
				9F7E53FC1BF295A6008391AB /* Category */,
				9F7E542C1BF295A6008391AB /* CustomControls */,
				9F7E543B1BF295A6008391AB /* Keychain Wrapper */,
				9F7E543E1BF295A6008391AB /* LazyImageLoader */,
				9F7E54411BF295A6008391AB /* LoadingIndicator */,
				9F7E54441BF295A6008391AB /* Styles */,
				9F7E54461BF295A6008391AB /* TheAnimator.h */,
				9F7E54471BF295A6008391AB /* TheAnimator.m */,
			);
			path = HelplerUtilities;
			sourceTree = "<group>";
		};
		9F7E53FC1BF295A6008391AB /* Category */ = {
			isa = PBXGroup;
			children = (
				9F7E53FD1BF295A6008391AB /* CoreData+HelperUtility */,
				9F7E54021BF295A6008391AB /* NSDate+HelperUtility */,
				9F7E54051BF295A6008391AB /* NSError */,
				9F7E54061BF295A6008391AB /* NSObject+HelperUtility */,
				9F7E54091BF295A6008391AB /* Others */,
				9F7E540E1BF295A6008391AB /* UIColor+HexColor */,
				9F7E54111BF295A6008391AB /* UIImage+HelperUtility */,
				9F7E541C1BF295A6008391AB /* UIImagePickerController+Utilities */,
				9F7E541F1BF295A6008391AB /* UITableViewCell+Helper */,
				9F7E54221BF295A6008391AB /* UIView+HelperUtility */,
				9F7E54251BF295A6008391AB /* UIViewController+HelperUtility */,
			);
			path = Category;
			sourceTree = "<group>";
		};
		9F7E53FD1BF295A6008391AB /* CoreData+HelperUtility */ = {
			isa = PBXGroup;
			children = (
				9F7E53FE1BF295A6008391AB /* NSManagedObject+NDAppManagedObject.h */,
				9F7E53FF1BF295A6008391AB /* NSManagedObject+NDAppManagedObject.m */,
				9F7E54001BF295A6008391AB /* NSManagedObjectContext+NDAppContext.h */,
				9F7E54011BF295A6008391AB /* NSManagedObjectContext+NDAppContext.m */,
			);
			path = "CoreData+HelperUtility";
			sourceTree = "<group>";
		};
		9F7E54021BF295A6008391AB /* NSDate+HelperUtility */ = {
			isa = PBXGroup;
			children = (
				9F7E54031BF295A6008391AB /* NSDate+Utilities.h */,
				9F7E54041BF295A6008391AB /* NSDate+Utilities.m */,
			);
			path = "NSDate+HelperUtility";
			sourceTree = "<group>";
		};
		9F7E54051BF295A6008391AB /* NSError */ = {
			isa = PBXGroup;
			children = (
			);
			path = NSError;
			sourceTree = "<group>";
		};
		9F7E54061BF295A6008391AB /* NSObject+HelperUtility */ = {
			isa = PBXGroup;
			children = (
				9F7E54071BF295A6008391AB /* NSObject+HelperUtility.h */,
				9F7E54081BF295A6008391AB /* NSObject+HelperUtility.m */,
			);
			path = "NSObject+HelperUtility";
			sourceTree = "<group>";
		};
		9F7E54091BF295A6008391AB /* Others */ = {
			isa = PBXGroup;
			children = (
				9F7E540A1BF295A6008391AB /* NSDictionary+MMDictionary.h */,
				9F7E540B1BF295A6008391AB /* NSDictionary+MMDictionary.m */,
				9F7E540C1BF295A6008391AB /* NSString+MMString.h */,
				9F7E540D1BF295A6008391AB /* NSString+MMString.m */,
			);
			path = Others;
			sourceTree = "<group>";
		};
		9F7E540E1BF295A6008391AB /* UIColor+HexColor */ = {
			isa = PBXGroup;
			children = (
				9F7E540F1BF295A6008391AB /* UIColor+HexColor.h */,
				9F7E54101BF295A6008391AB /* UIColor+HexColor.m */,
			);
			path = "UIColor+HexColor";
			sourceTree = "<group>";
		};
		9F7E54111BF295A6008391AB /* UIImage+HelperUtility */ = {
			isa = PBXGroup;
			children = (
				9F7E54121BF295A6008391AB /* RASImageCache.h */,
				9F7E54131BF295A6008391AB /* RASImageCache.m */,
				9F7E54141BF295A6008391AB /* UIImage+AverageColor.h */,
				9F7E54151BF295A6008391AB /* UIImage+AverageColor.m */,
				9F7E54161BF295A6008391AB /* UIImage+ImageEffects.h */,
				9F7E54171BF295A6008391AB /* UIImage+ImageEffects.m */,
				9F7E54181BF295A6008391AB /* UIImageView+LBBlurredImage.h */,
				9F7E54191BF295A6008391AB /* UIImageView+LBBlurredImage.m */,
				9F7E541A1BF295A6008391AB /* UIImageView+Loading.h */,
				9F7E541B1BF295A6008391AB /* UIImageView+Loading.m */,
			);
			path = "UIImage+HelperUtility";
			sourceTree = "<group>";
		};
		9F7E541C1BF295A6008391AB /* UIImagePickerController+Utilities */ = {
			isa = PBXGroup;
			children = (
				9F7E541D1BF295A6008391AB /* UIImagePickerController+Utilities.h */,
				9F7E541E1BF295A6008391AB /* UIImagePickerController+Utilities.m */,
			);
			path = "UIImagePickerController+Utilities";
			sourceTree = "<group>";
		};
		9F7E541F1BF295A6008391AB /* UITableViewCell+Helper */ = {
			isa = PBXGroup;
			children = (
				9F7E54201BF295A6008391AB /* UITableViewCell+MMTableViewHelper.h */,
				9F7E54211BF295A6008391AB /* UITableViewCell+MMTableViewHelper.m */,
			);
			path = "UITableViewCell+Helper";
			sourceTree = "<group>";
		};
		9F7E54221BF295A6008391AB /* UIView+HelperUtility */ = {
			isa = PBXGroup;
			children = (
				9F7E54231BF295A6008391AB /* UIView+HelperUtility.h */,
				9F7E54241BF295A6008391AB /* UIView+HelperUtility.m */,
			);
			path = "UIView+HelperUtility";
			sourceTree = "<group>";
		};
		9F7E54251BF295A6008391AB /* UIViewController+HelperUtility */ = {
			isa = PBXGroup;
			children = (
				9F7E54261BF295A6008391AB /* UIViewController+HelperUtilities.h */,
				9F7E54271BF295A6008391AB /* UIViewController+HelperUtilities.m */,
			);
			path = "UIViewController+HelperUtility";
			sourceTree = "<group>";
		};
		9F7E542C1BF295A6008391AB /* CustomControls */ = {
			isa = PBXGroup;
			children = (
				9F7E54681BF299A6008391AB /* CommonDefines */,
				9F7E542D1BF295A6008391AB /* DatePicker */,
				9F7E54301BF295A6008391AB /* DropDown */,
				9F7E54331BF295A6008391AB /* NDButton.h */,
				9F7E54341BF295A6008391AB /* NDButton.m */,
				9F7E54371BF295A6008391AB /* NDView.h */,
				9F7E54381BF295A6008391AB /* NDView.m */,
			);
			path = CustomControls;
			sourceTree = "<group>";
		};
		9F7E542D1BF295A6008391AB /* DatePicker */ = {
			isa = PBXGroup;
			children = (
				9F7E542E1BF295A6008391AB /* NDDatePickerViewController.h */,
				9F7E542F1BF295A6008391AB /* NDDatePickerViewController.m */,
			);
			path = DatePicker;
			sourceTree = "<group>";
		};
		9F7E54301BF295A6008391AB /* DropDown */ = {
			isa = PBXGroup;
			children = (
				9F7E54311BF295A6008391AB /* NDDropDownViewController.h */,
				9F7E54321BF295A6008391AB /* NDDropDownViewController.m */,
			);
			path = DropDown;
			sourceTree = "<group>";
		};
		9F7E543B1BF295A6008391AB /* Keychain Wrapper */ = {
			isa = PBXGroup;
			children = (
				9F7E543C1BF295A6008391AB /* MMKeychainWrapper.h */,
				9F7E543D1BF295A6008391AB /* MMKeychainWrapper.m */,
			);
			path = "Keychain Wrapper";
			sourceTree = "<group>";
		};
		9F7E543E1BF295A6008391AB /* LazyImageLoader */ = {
			isa = PBXGroup;
			children = (
				9F7E543F1BF295A6008391AB /* RASImageView.h */,
				9F7E54401BF295A6008391AB /* RASImageView.m */,
			);
			path = LazyImageLoader;
			sourceTree = "<group>";
		};
		9F7E54411BF295A6008391AB /* LoadingIndicator */ = {
			isa = PBXGroup;
			children = (
				9F7E54421BF295A6008391AB /* MMIndicatorView.h */,
				9F7E54431BF295A6008391AB /* MMIndicatorView.m */,
			);
			path = LoadingIndicator;
			sourceTree = "<group>";
		};
		9F7E54441BF295A6008391AB /* Styles */ = {
			isa = PBXGroup;
			children = (
				9F7E54451BF295A6008391AB /* Styles.h */,
			);
			path = Styles;
			sourceTree = "<group>";
		};
		9F7E54681BF299A6008391AB /* CommonDefines */ = {
			isa = PBXGroup;
			children = (
				9F7E54691BF299A6008391AB /* CommonDefines.h */,
			);
			path = CommonDefines;
			sourceTree = "<group>";
		};
		9F7E546A1BF29D3E008391AB /* Constant */ = {
			isa = PBXGroup;
			children = (
				9F7E546B1BF29D3E008391AB /* NDConstant.h */,
			);
			name = Constant;
			path = ../Constant;
			sourceTree = "<group>";
		};
		9F7E54751BF2A536008391AB /* DDayWatch */ = {
			isa = PBXGroup;
			children = (
				9F7E54761BF2A536008391AB /* Interface.storyboard */,
				9F7E54791BF2A536008391AB /* Assets.xcassets */,
				9F7E547B1BF2A536008391AB /* Info.plist */,
			);
			path = DDayWatch;
			sourceTree = "<group>";
		};
		9F7E54841BF2A537008391AB /* DDayWatch Extension */ = {
			isa = PBXGroup;
			children = (
				9F7E54871BF2A537008391AB /* InterfaceController.swift */,
				9F7E54891BF2A537008391AB /* ExtensionDelegate.swift */,
				9F7E548B1BF2A537008391AB /* NotificationController.swift */,
				9F7E548D1BF2A537008391AB /* Assets.xcassets */,
				9F7E548F1BF2A537008391AB /* Info.plist */,
				9F7E54851BF2A537008391AB /* Supporting Files */,
			);
			path = "DDayWatch Extension";
			sourceTree = "<group>";
		};
		9F7E54851BF2A537008391AB /* Supporting Files */ = {
			isa = PBXGroup;
			children = (
				9F7E54861BF2A537008391AB /* PushNotificationPayload.apns */,
			);
			name = "Supporting Files";
			sourceTree = "<group>";
		};
/* End PBXGroup section */

/* Begin PBXNativeTarget section */
		9F7E53DC1BF294F9008391AB /* DDay */ = {
			isa = PBXNativeTarget;
			buildConfigurationList = 9F7E53EF1BF294F9008391AB /* Build configuration list for PBXNativeTarget "DDay" */;
			buildPhases = (
				AC4377AB9DFD75C48E996F11 /* Check Pods Manifest.lock */,
				9F7E53D91BF294F9008391AB /* Sources */,
				9F7E53DA1BF294F9008391AB /* Frameworks */,
				9F7E53DB1BF294F9008391AB /* Resources */,
				D8FD0418F456BA93C0D2223B /* Embed Pods Frameworks */,
				5C1691D8782C1A61D77D825F /* Copy Pods Resources */,
				9F7E549A1BF2A537008391AB /* Embed Watch Content */,
			);
			buildRules = (
			);
			dependencies = (
				9F7E54911BF2A537008391AB /* PBXTargetDependency */,
			);
			name = DDay;
			productName = DDay;
			productReference = 9F7E53DD1BF294F9008391AB /* DDay.app */;
			productType = "com.apple.product-type.application";
		};
		9F7E54731BF2A536008391AB /* DDayWatch */ = {
			isa = PBXNativeTarget;
			buildConfigurationList = 9F7E54991BF2A537008391AB /* Build configuration list for PBXNativeTarget "DDayWatch" */;
			buildPhases = (
				9F7E54721BF2A536008391AB /* Resources */,
				9F7E54981BF2A537008391AB /* Embed App Extensions */,
			);
			buildRules = (
			);
			dependencies = (
				9F7E54831BF2A537008391AB /* PBXTargetDependency */,
			);
			name = DDayWatch;
			productName = DDayWatch;
			productReference = 9F7E54741BF2A536008391AB /* DDayWatch.app */;
			productType = "com.apple.product-type.application.watchapp2";
		};
		9F7E547F1BF2A537008391AB /* DDayWatch Extension */ = {
			isa = PBXNativeTarget;
			buildConfigurationList = 9F7E54971BF2A537008391AB /* Build configuration list for PBXNativeTarget "DDayWatch Extension" */;
			buildPhases = (
				9F7E547C1BF2A537008391AB /* Sources */,
				9F7E547D1BF2A537008391AB /* Frameworks */,
				9F7E547E1BF2A537008391AB /* Resources */,
			);
			buildRules = (
			);
			dependencies = (
			);
			name = "DDayWatch Extension";
			productName = "DDayWatch Extension";
			productReference = 9F7E54801BF2A537008391AB /* DDayWatch Extension.appex */;
			productType = "com.apple.product-type.watchkit2-extension";
		};
/* End PBXNativeTarget section */

/* Begin PBXProject section */
		9F7E53D51BF294F9008391AB /* Project object */ = {
			isa = PBXProject;
			attributes = {
				LastSwiftUpdateCheck = 0710;
				LastUpgradeCheck = 0710;
				ORGANIZATIONNAME = Accenture;
				TargetAttributes = {
					9F7E53DC1BF294F9008391AB = {
						CreatedOnToolsVersion = 7.1.1;
						SystemCapabilities = {
							com.apple.Maps.iOS = {
								enabled = 1;
							};
						};
					};
					9F7E54731BF2A536008391AB = {
						CreatedOnToolsVersion = 7.1.1;
					};
					9F7E547F1BF2A537008391AB = {
						CreatedOnToolsVersion = 7.1.1;
					};
				};
			};
			buildConfigurationList = 9F7E53D81BF294F9008391AB /* Build configuration list for PBXProject "DDay" */;
			compatibilityVersion = "Xcode 3.2";
			developmentRegion = English;
			hasScannedForEncodings = 0;
			knownRegions = (
				en,
				Base,
			);
			mainGroup = 9F7E53D41BF294F9008391AB;
			productRefGroup = 9F7E53DE1BF294F9008391AB /* Products */;
			projectDirPath = "";
			projectRoot = "";
			targets = (
				9F7E53DC1BF294F9008391AB /* DDay */,
				9F7E54731BF2A536008391AB /* DDayWatch */,
				9F7E547F1BF2A537008391AB /* DDayWatch Extension */,
			);
		};
/* End PBXProject section */

/* Begin PBXResourcesBuildPhase section */
		9F7E53DB1BF294F9008391AB /* Resources */ = {
			isa = PBXResourcesBuildPhase;
			buildActionMask = 2147483647;
			files = (
				9F7E53F61BF29525008391AB /* FinancialPlans.storyboard in Resources */,
				9F7E53F71BF29525008391AB /* Map.storyboard in Resources */,
				9F7E53EB1BF294F9008391AB /* LaunchScreen.storyboard in Resources */,
				9F7E53F91BF2953A008391AB /* Main.storyboard in Resources */,
				9F7E53E81BF294F9008391AB /* Assets.xcassets in Resources */,
				9F7E54661BF295A6008391AB /* NDDatePicker.xib in Resources */,
				9F7E53F51BF29525008391AB /* Dealer.storyboard in Resources */,
			);
			runOnlyForDeploymentPostprocessing = 0;
		};
		9F7E54721BF2A536008391AB /* Resources */ = {
			isa = PBXResourcesBuildPhase;
			buildActionMask = 2147483647;
			files = (
				9F7E547A1BF2A536008391AB /* Assets.xcassets in Resources */,
				9F7E54781BF2A536008391AB /* Interface.storyboard in Resources */,
			);
			runOnlyForDeploymentPostprocessing = 0;
		};
		9F7E547E1BF2A537008391AB /* Resources */ = {
			isa = PBXResourcesBuildPhase;
			buildActionMask = 2147483647;
			files = (
				9F7E548E1BF2A537008391AB /* Assets.xcassets in Resources */,
			);
			runOnlyForDeploymentPostprocessing = 0;
		};
/* End PBXResourcesBuildPhase section */

/* Begin PBXShellScriptBuildPhase section */
		5C1691D8782C1A61D77D825F /* Copy Pods Resources */ = {
			isa = PBXShellScriptBuildPhase;
			buildActionMask = 2147483647;
			files = (
			);
			inputPaths = (
			);
			name = "Copy Pods Resources";
			outputPaths = (
			);
			runOnlyForDeploymentPostprocessing = 0;
			shellPath = /bin/sh;
			shellScript = "\"${SRCROOT}/Pods/Target Support Files/Pods/Pods-resources.sh\"\n";
			showEnvVarsInLog = 0;
		};
		AC4377AB9DFD75C48E996F11 /* Check Pods Manifest.lock */ = {
			isa = PBXShellScriptBuildPhase;
			buildActionMask = 2147483647;
			files = (
			);
			inputPaths = (
			);
			name = "Check Pods Manifest.lock";
			outputPaths = (
			);
			runOnlyForDeploymentPostprocessing = 0;
			shellPath = /bin/sh;
			shellScript = "diff \"${PODS_ROOT}/../Podfile.lock\" \"${PODS_ROOT}/Manifest.lock\" > /dev/null\nif [[ $? != 0 ]] ; then\n    cat << EOM\nerror: The sandbox is not in sync with the Podfile.lock. Run 'pod install' or update your CocoaPods installation.\nEOM\n    exit 1\nfi\n";
			showEnvVarsInLog = 0;
		};
		D8FD0418F456BA93C0D2223B /* Embed Pods Frameworks */ = {
			isa = PBXShellScriptBuildPhase;
			buildActionMask = 2147483647;
			files = (
			);
			inputPaths = (
			);
			name = "Embed Pods Frameworks";
			outputPaths = (
			);
			runOnlyForDeploymentPostprocessing = 0;
			shellPath = /bin/sh;
			shellScript = "\"${SRCROOT}/Pods/Target Support Files/Pods/Pods-frameworks.sh\"\n";
			showEnvVarsInLog = 0;
		};
/* End PBXShellScriptBuildPhase section */

/* Begin PBXSourcesBuildPhase section */
		9F7E53D91BF294F9008391AB /* Sources */ = {
			isa = PBXSourcesBuildPhase;
			buildActionMask = 2147483647;
			files = (
				9F7E53E31BF294F9008391AB /* ViewController.swift in Sources */,
				9F7E544D1BF295A6008391AB /* NSManagedObjectContext+NDAppContext.m in Sources */,
				9F7E54511BF295A6008391AB /* NSString+MMString.m in Sources */,
				9F7E545D1BF295A6008391AB /* NDDropDownViewController.m in Sources */,
				9F7E54561BF295A6008391AB /* UIImageView+LBBlurredImage.m in Sources */,
				9F7E54611BF295A6008391AB /* MMKeychainWrapper.m in Sources */,
				9F7E54501BF295A6008391AB /* NSDictionary+MMDictionary.m in Sources */,
				9F7E545C1BF295A6008391AB /* NDDatePickerViewController.m in Sources */,
				9F7E545A1BF295A6008391AB /* UIView+HelperUtility.m in Sources */,
				9F7E54641BF295A6008391AB /* TheAnimator.m in Sources */,
				9F7E53E11BF294F9008391AB /* AppDelegate.swift in Sources */,
				9F7E54601BF295A6008391AB /* NDView.m in Sources */,
				9F7E54621BF295A6008391AB /* RASImageView.m in Sources */,
				9F7E54531BF295A6008391AB /* RASImageCache.m in Sources */,
				9F7E54571BF295A6008391AB /* UIImageView+Loading.m in Sources */,
				9F7E546F1BF29EBE008391AB /* FinancialPlansViewController.swift in Sources */,
				9F7E54521BF295A6008391AB /* UIColor+HexColor.m in Sources */,
				9F7E54541BF295A6008391AB /* UIImage+AverageColor.m in Sources */,
				9F7E545E1BF295A6008391AB /* NDButton.m in Sources */,
				9F7E54631BF295A6008391AB /* MMIndicatorView.m in Sources */,
				9F7E545B1BF295A6008391AB /* UIViewController+HelperUtilities.m in Sources */,
				9F7E54551BF295A6008391AB /* UIImage+ImageEffects.m in Sources */,
				9F7E549C1BF2B6E3008391AB /* RootTabBarController.swift in Sources */,
				9F7E544C1BF295A6008391AB /* NSManagedObject+NDAppManagedObject.m in Sources */,
				9F7E544F1BF295A6008391AB /* NSObject+HelperUtility.m in Sources */,
				9F7E54651BF295A6008391AB /* LogInViewController.swift in Sources */,
				9F7E544E1BF295A6008391AB /* NSDate+Utilities.m in Sources */,
				9F7E54581BF295A6008391AB /* UIImagePickerController+Utilities.m in Sources */,
				9F7E54591BF295A6008391AB /* UITableViewCell+MMTableViewHelper.m in Sources */,
				9F7E54711BF29EEF008391AB /* MapDealerViewController.swift in Sources */,
				9F7E546D1BF29E84008391AB /* DealerCollectionViewController.swift in Sources */,
			);
			runOnlyForDeploymentPostprocessing = 0;
		};
		9F7E547C1BF2A537008391AB /* Sources */ = {
			isa = PBXSourcesBuildPhase;
			buildActionMask = 2147483647;
			files = (
				9F7E548C1BF2A537008391AB /* NotificationController.swift in Sources */,
				9F7E548A1BF2A537008391AB /* ExtensionDelegate.swift in Sources */,
				9F7E54881BF2A537008391AB /* InterfaceController.swift in Sources */,
			);
			runOnlyForDeploymentPostprocessing = 0;
		};
/* End PBXSourcesBuildPhase section */

/* Begin PBXTargetDependency section */
		9F7E54831BF2A537008391AB /* PBXTargetDependency */ = {
			isa = PBXTargetDependency;
			target = 9F7E547F1BF2A537008391AB /* DDayWatch Extension */;
			targetProxy = 9F7E54821BF2A537008391AB /* PBXContainerItemProxy */;
		};
		9F7E54911BF2A537008391AB /* PBXTargetDependency */ = {
			isa = PBXTargetDependency;
			target = 9F7E54731BF2A536008391AB /* DDayWatch */;
			targetProxy = 9F7E54901BF2A537008391AB /* PBXContainerItemProxy */;
		};
/* End PBXTargetDependency section */

/* Begin PBXVariantGroup section */
		9F7E53E91BF294F9008391AB /* LaunchScreen.storyboard */ = {
			isa = PBXVariantGroup;
			children = (
				9F7E53EA1BF294F9008391AB /* Base */,
			);
			name = LaunchScreen.storyboard;
			sourceTree = "<group>";
		};
		9F7E54761BF2A536008391AB /* Interface.storyboard */ = {
			isa = PBXVariantGroup;
			children = (
				9F7E54771BF2A536008391AB /* Base */,
			);
			name = Interface.storyboard;
			sourceTree = "<group>";
		};
/* End PBXVariantGroup section */

/* Begin XCBuildConfiguration section */
		9F7E53ED1BF294F9008391AB /* Debug */ = {
			isa = XCBuildConfiguration;
			buildSettings = {
				ALWAYS_SEARCH_USER_PATHS = NO;
				CLANG_CXX_LANGUAGE_STANDARD = "gnu++0x";
				CLANG_CXX_LIBRARY = "libc++";
				CLANG_ENABLE_MODULES = YES;
				CLANG_ENABLE_OBJC_ARC = YES;
				CLANG_WARN_BOOL_CONVERSION = YES;
				CLANG_WARN_CONSTANT_CONVERSION = YES;
				CLANG_WARN_DIRECT_OBJC_ISA_USAGE = YES_ERROR;
				CLANG_WARN_EMPTY_BODY = YES;
				CLANG_WARN_ENUM_CONVERSION = YES;
				CLANG_WARN_INT_CONVERSION = YES;
				CLANG_WARN_OBJC_ROOT_CLASS = YES_ERROR;
				CLANG_WARN_UNREACHABLE_CODE = YES;
				CLANG_WARN__DUPLICATE_METHOD_MATCH = YES;
				"CODE_SIGN_IDENTITY[sdk=iphoneos*]" = "iPhone Developer";
				COPY_PHASE_STRIP = NO;
				DEBUG_INFORMATION_FORMAT = dwarf;
				ENABLE_STRICT_OBJC_MSGSEND = YES;
				ENABLE_TESTABILITY = YES;
				GCC_C_LANGUAGE_STANDARD = gnu99;
				GCC_DYNAMIC_NO_PIC = NO;
				GCC_NO_COMMON_BLOCKS = YES;
				GCC_OPTIMIZATION_LEVEL = 0;
				GCC_PREPROCESSOR_DEFINITIONS = (
					"DEBUG=1",
					"$(inherited)",
				);
				GCC_WARN_64_TO_32_BIT_CONVERSION = YES;
				GCC_WARN_ABOUT_RETURN_TYPE = YES_ERROR;
				GCC_WARN_UNDECLARED_SELECTOR = YES;
				GCC_WARN_UNINITIALIZED_AUTOS = YES_AGGRESSIVE;
				GCC_WARN_UNUSED_FUNCTION = YES;
				GCC_WARN_UNUSED_VARIABLE = YES;
				IPHONEOS_DEPLOYMENT_TARGET = 9.1;
				MTL_ENABLE_DEBUG_INFO = YES;
				ONLY_ACTIVE_ARCH = YES;
				SDKROOT = iphoneos;
				SWIFT_OPTIMIZATION_LEVEL = "-Onone";
				TARGETED_DEVICE_FAMILY = "1,2";
			};
			name = Debug;
		};
		9F7E53EE1BF294F9008391AB /* Release */ = {
			isa = XCBuildConfiguration;
			buildSettings = {
				ALWAYS_SEARCH_USER_PATHS = NO;
				CLANG_CXX_LANGUAGE_STANDARD = "gnu++0x";
				CLANG_CXX_LIBRARY = "libc++";
				CLANG_ENABLE_MODULES = YES;
				CLANG_ENABLE_OBJC_ARC = YES;
				CLANG_WARN_BOOL_CONVERSION = YES;
				CLANG_WARN_CONSTANT_CONVERSION = YES;
				CLANG_WARN_DIRECT_OBJC_ISA_USAGE = YES_ERROR;
				CLANG_WARN_EMPTY_BODY = YES;
				CLANG_WARN_ENUM_CONVERSION = YES;
				CLANG_WARN_INT_CONVERSION = YES;
				CLANG_WARN_OBJC_ROOT_CLASS = YES_ERROR;
				CLANG_WARN_UNREACHABLE_CODE = YES;
				CLANG_WARN__DUPLICATE_METHOD_MATCH = YES;
				"CODE_SIGN_IDENTITY[sdk=iphoneos*]" = "iPhone Developer";
				COPY_PHASE_STRIP = NO;
				DEBUG_INFORMATION_FORMAT = "dwarf-with-dsym";
				ENABLE_NS_ASSERTIONS = NO;
				ENABLE_STRICT_OBJC_MSGSEND = YES;
				GCC_C_LANGUAGE_STANDARD = gnu99;
				GCC_NO_COMMON_BLOCKS = YES;
				GCC_WARN_64_TO_32_BIT_CONVERSION = YES;
				GCC_WARN_ABOUT_RETURN_TYPE = YES_ERROR;
				GCC_WARN_UNDECLARED_SELECTOR = YES;
				GCC_WARN_UNINITIALIZED_AUTOS = YES_AGGRESSIVE;
				GCC_WARN_UNUSED_FUNCTION = YES;
				GCC_WARN_UNUSED_VARIABLE = YES;
				IPHONEOS_DEPLOYMENT_TARGET = 9.1;
				MTL_ENABLE_DEBUG_INFO = NO;
				SDKROOT = iphoneos;
				TARGETED_DEVICE_FAMILY = "1,2";
				VALIDATE_PRODUCT = YES;
			};
			name = Release;
		};
		9F7E53F01BF294F9008391AB /* Debug */ = {
			isa = XCBuildConfiguration;
			baseConfigurationReference = 56FB01D753156968A261B695 /* Pods.debug.xcconfig */;
			buildSettings = {
				ASSETCATALOG_COMPILER_APPICON_NAME = AppIcon;
				INFOPLIST_FILE = DDay/Info.plist;
				LD_RUNPATH_SEARCH_PATHS = "$(inherited) @executable_path/Frameworks";
				PRODUCT_BUNDLE_IDENTIFIER = com.accenture.DDay;
				PRODUCT_NAME = "$(TARGET_NAME)";
			};
			name = Debug;
		};
		9F7E53F11BF294F9008391AB /* Release */ = {
			isa = XCBuildConfiguration;
			baseConfigurationReference = 6D9600C345C59CB9EC8202EA /* Pods.release.xcconfig */;
			buildSettings = {
				ASSETCATALOG_COMPILER_APPICON_NAME = AppIcon;
				INFOPLIST_FILE = DDay/Info.plist;
				LD_RUNPATH_SEARCH_PATHS = "$(inherited) @executable_path/Frameworks";
				PRODUCT_BUNDLE_IDENTIFIER = com.accenture.DDay;
				PRODUCT_NAME = "$(TARGET_NAME)";
			};
			name = Release;
		};
		9F7E54931BF2A537008391AB /* Debug */ = {
			isa = XCBuildConfiguration;
			buildSettings = {
				ASSETCATALOG_COMPILER_APPICON_NAME = AppIcon;
				EMBEDDED_CONTENT_CONTAINS_SWIFT = YES;
				IBSC_MODULE = DDayWatch_Extension;
				INFOPLIST_FILE = DDayWatch/Info.plist;
				PRODUCT_BUNDLE_IDENTIFIER = com.accenture.DDay.watchkitapp;
				PRODUCT_NAME = "$(TARGET_NAME)";
				SDKROOT = watchos;
				SKIP_INSTALL = YES;
				TARGETED_DEVICE_FAMILY = 4;
				WATCHOS_DEPLOYMENT_TARGET = 2.0;
			};
			name = Debug;
		};
		9F7E54941BF2A537008391AB /* Release */ = {
			isa = XCBuildConfiguration;
			buildSettings = {
				ASSETCATALOG_COMPILER_APPICON_NAME = AppIcon;
				EMBEDDED_CONTENT_CONTAINS_SWIFT = YES;
				IBSC_MODULE = DDayWatch_Extension;
				INFOPLIST_FILE = DDayWatch/Info.plist;
				PRODUCT_BUNDLE_IDENTIFIER = com.accenture.DDay.watchkitapp;
				PRODUCT_NAME = "$(TARGET_NAME)";
				SDKROOT = watchos;
				SKIP_INSTALL = YES;
				TARGETED_DEVICE_FAMILY = 4;
				WATCHOS_DEPLOYMENT_TARGET = 2.0;
			};
			name = Release;
		};
		9F7E54951BF2A537008391AB /* Debug */ = {
			isa = XCBuildConfiguration;
			buildSettings = {
				INFOPLIST_FILE = "DDayWatch Extension/Info.plist";
				LD_RUNPATH_SEARCH_PATHS = "$(inherited) @executable_path/Frameworks @executable_path/../../Frameworks";
				PRODUCT_BUNDLE_IDENTIFIER = com.accenture.DDay.watchkitapp.watchkitextension;
				PRODUCT_NAME = "${TARGET_NAME}";
				SDKROOT = watchos;
				SKIP_INSTALL = YES;
				TARGETED_DEVICE_FAMILY = 4;
				WATCHOS_DEPLOYMENT_TARGET = 2.0;
			};
			name = Debug;
		};
		9F7E54961BF2A537008391AB /* Release */ = {
			isa = XCBuildConfiguration;
			buildSettings = {
				INFOPLIST_FILE = "DDayWatch Extension/Info.plist";
				LD_RUNPATH_SEARCH_PATHS = "$(inherited) @executable_path/Frameworks @executable_path/../../Frameworks";
				PRODUCT_BUNDLE_IDENTIFIER = com.accenture.DDay.watchkitapp.watchkitextension;
				PRODUCT_NAME = "${TARGET_NAME}";
				SDKROOT = watchos;
				SKIP_INSTALL = YES;
				TARGETED_DEVICE_FAMILY = 4;
				WATCHOS_DEPLOYMENT_TARGET = 2.0;
			};
			name = Release;
		};
/* End XCBuildConfiguration section */

/* Begin XCConfigurationList section */
		9F7E53D81BF294F9008391AB /* Build configuration list for PBXProject "DDay" */ = {
			isa = XCConfigurationList;
			buildConfigurations = (
				9F7E53ED1BF294F9008391AB /* Debug */,
				9F7E53EE1BF294F9008391AB /* Release */,
			);
			defaultConfigurationIsVisible = 0;
			defaultConfigurationName = Release;
		};
		9F7E53EF1BF294F9008391AB /* Build configuration list for PBXNativeTarget "DDay" */ = {
			isa = XCConfigurationList;
			buildConfigurations = (
				9F7E53F01BF294F9008391AB /* Debug */,
				9F7E53F11BF294F9008391AB /* Release */,
			);
			defaultConfigurationIsVisible = 0;
			defaultConfigurationName = Release;
		};
		9F7E54971BF2A537008391AB /* Build configuration list for PBXNativeTarget "DDayWatch Extension" */ = {
			isa = XCConfigurationList;
			buildConfigurations = (
				9F7E54951BF2A537008391AB /* Debug */,
				9F7E54961BF2A537008391AB /* Release */,
			);
			defaultConfigurationIsVisible = 0;
			defaultConfigurationName = Release;
		};
		9F7E54991BF2A537008391AB /* Build configuration list for PBXNativeTarget "DDayWatch" */ = {
			isa = XCConfigurationList;
			buildConfigurations = (
				9F7E54931BF2A537008391AB /* Debug */,
				9F7E54941BF2A537008391AB /* Release */,
			);
			defaultConfigurationIsVisible = 0;
			defaultConfigurationName = Release;
		};
/* End XCConfigurationList section */
	};
	rootObject = 9F7E53D51BF294F9008391AB /* Project object */;
}
